
Microsoft Visual Studio Solution File, Format Version 12.00
# Visual Studio Version 16
VisualStudioVersion = 16.0.30907.101
MinimumVisualStudioVersion = 10.0.40219.1
Project("{FAE04EC0-301F-11D3-BF4B-00C04F79EFBC}") = "Lab3", "Lab3\Lab3.csproj", "{05D687F1-0D87-41B3-A65B-FD496826523A}"
EndProject
Global
	GlobalSection(SolutionConfigurationPlatforms) = preSolution
		Debug|Any CPU = Debug|Any CPU
		Release|Any CPU = Release|Any CPU
	EndGlobalSection
	GlobalSection(ProjectConfigurationPlatforms) = postSolution
		{05D687F1-0D87-41B3-A65B-FD496826523A}.Debug|Any CPU.ActiveCfg = Debug|Any CPU
		{05D687F1-0D87-41B3-A65B-FD496826523A}.Debug|Any CPU.Build.0 = Debug|Any CPU
		{05D687F1-0D87-41B3-A65B-FD496826523A}.Release|Any CPU.ActiveCfg = Release|Any CPU
		{05D687F1-0D87-41B3-A65B-FD496826523A}.Release|Any CPU.Build.0 = Release|Any CPU
	EndGlobalSection
	GlobalSection(SolutionProperties) = preSolution
		HideSolutionNode = FALSE
	EndGlobalSection
	GlobalSection(ExtensibilityGlobals) = postSolution
		SolutionGuid = {E07B5B62-C87F-496F-9DA3-AE3EEE222E27}
	EndGlobalSection
EndGlobal
